
Microsoft Visual Studio Solution File, Format Version 12.00
# Visual Studio Version 16
VisualStudioVersion = 16.0.29926.136
MinimumVisualStudioVersion = 10.0.40219.1
Project("{FAE04EC0-301F-11D3-BF4B-00C04F79EFBC}") = "Modelo", "Modelo\Modelo.csproj", "{F486F8BB-106E-4E02-AA8D-12A8125F9107}"
EndProject
Project("{FAE04EC0-301F-11D3-BF4B-00C04F79EFBC}") = "Vista", "Vista\Vista.csproj", "{F3E541B6-536B-495A-9C13-B4EB70E4D9CA}"
EndProject
Global
	GlobalSection(SolutionConfigurationPlatforms) = preSolution
		Debug|Any CPU = Debug|Any CPU
		Release|Any CPU = Release|Any CPU
	EndGlobalSection
	GlobalSection(ProjectConfigurationPlatforms) = postSolution
		{F486F8BB-106E-4E02-AA8D-12A8125F9107}.Debug|Any CPU.ActiveCfg = Debug|Any CPU
		{F486F8BB-106E-4E02-AA8D-12A8125F9107}.Debug|Any CPU.Build.0 = Debug|Any CPU
		{F486F8BB-106E-4E02-AA8D-12A8125F9107}.Release|Any CPU.ActiveCfg = Release|Any CPU
		{F486F8BB-106E-4E02-AA8D-12A8125F9107}.Release|Any CPU.Build.0 = Release|Any CPU
		{F3E541B6-536B-495A-9C13-B4EB70E4D9CA}.Debug|Any CPU.ActiveCfg = Debug|Any CPU
		{F3E541B6-536B-495A-9C13-B4EB70E4D9CA}.Debug|Any CPU.Build.0 = Debug|Any CPU
		{F3E541B6-536B-495A-9C13-B4EB70E4D9CA}.Release|Any CPU.ActiveCfg = Release|Any CPU
		{F3E541B6-536B-495A-9C13-B4EB70E4D9CA}.Release|Any CPU.Build.0 = Release|Any CPU
	EndGlobalSection
	GlobalSection(SolutionProperties) = preSolution
		HideSolutionNode = FALSE
	EndGlobalSection
	GlobalSection(ExtensibilityGlobals) = postSolution
		SolutionGuid = {03683E35-50B8-4777-9E2E-3021539AD3A2}
	EndGlobalSection
EndGlobal
